{
    "name": "youtube-stream-url",
    "version": "2.3.0",
    "lockfileVersion": 2,
    "requires": true,
    "packages": {
        "": {
            "name": "youtube-stream-url",
            "version": "2.3.0",
            "license": "MIT",
            "dependencies": {
                "axios": "^0.21.1",
                "m3u8-file-parser": "^0.2.4"
            }
        },
        "node_modules/axios": {
            "version": "0.21.2",
            "resolved": "https://registry.npmjs.org/axios/-/axios-0.21.2.tgz",
            "integrity": "sha512-87otirqUw3e8CzHTMO+/9kh/FSgXt/eVDvipijwDtEuwbkySWZ9SBm6VEubmJ/kLKEoLQV/POhxXFb66bfekfg==",
            "dependencies": {
                "follow-redirects": "^1.14.0"
            }
        },
        "node_modules/follow-redirects": {
            "version": "1.14.9",
            "resolved": "https://registry.npmjs.org/follow-redirects/-/follow-redirects-1.14.9.tgz",
            "integrity": "sha512-MQDfihBQYMcyy5dhRDJUHcw7lb2Pv/TuE6xP1vyraLukNDHKbDxDNaOE3NbCAdKQApno+GPRyo1YAp89yCjK4w==",
            "funding": [
                {
                    "type": "individual",
                    "url": "https://github.com/sponsors/RubenVerborgh"
                }
            ],
            "engines": {
                "node": ">=4.0"
            },
            "peerDependenciesMeta": {
                "debug": {
                    "optional": true
                }
            }
        },
        "node_modules/m3u8-file-parser": {
            "version": "0.2.4",
            "resolved": "https://registry.npmjs.org/m3u8-file-parser/-/m3u8-file-parser-0.2.4.tgz",
            "integrity": "sha512-l18rzGyfbodX0XDlQsBjZg4HYCqeBKScQq/UzsCyNZginAzCYMTNyzTrw1TTFPrlFI1UkCmmKbpq7FZBAkYljw=="
        }
    },
    "dependencies": {
        "axios": {
            "version": "0.21.2",
            "resolved": "https://registry.npmjs.org/axios/-/axios-0.21.2.tgz",
            "integrity": "sha512-87otirqUw3e8CzHTMO+/9kh/FSgXt/eVDvipijwDtEuwbkySWZ9SBm6VEubmJ/kLKEoLQV/POhxXFb66bfekfg==",
            "requires": {
                "follow-redirects": "^1.14.0"
            }
        },
        "follow-redirects": {
            "version": "1.14.9",
            "resolved": "https://registry.npmjs.org/follow-redirects/-/follow-redirects-1.14.9.tgz",
            "integrity": "sha512-MQDfihBQYMcyy5dhRDJUHcw7lb2Pv/TuE6xP1vyraLukNDHKbDxDNaOE3NbCAdKQApno+GPRyo1YAp89yCjK4w=="
        },
        "m3u8-file-parser": {
            "version": "0.2.4",
            "resolved": "https://registry.npmjs.org/m3u8-file-parser/-/m3u8-file-parser-0.2.4.tgz",
            "integrity": "sha512-l18rzGyfbodX0XDlQsBjZg4HYCqeBKScQq/UzsCyNZginAzCYMTNyzTrw1TTFPrlFI1UkCmmKbpq7FZBAkYljw=="
        }
    }
}
